
Microsoft Visual Studio Solution File, Format Version 12.00
# Visual Studio Version 17
VisualStudioVersion = 17.7.34009.444
MinimumVisualStudioVersion = 10.0.40219.1
Project("{9A19103F-16F7-4668-BE54-9A1E7A4F7556}") = "Task_01", "Task_01\Task_01.csproj", "{A0B0DF9E-AD28-4951-9F65-290CBE957BC4}"
EndProject
Project("{9A19103F-16F7-4668-BE54-9A1E7A4F7556}") = "Task_02", "Task_02\Task_02.csproj", "{69EE4E17-1182-425F-8B23-9C9AF590453A}"
EndProject
Project("{FAE04EC0-301F-11D3-BF4B-00C04F79EFBC}") = "GraphParser", "GraphParser\GraphParser.csproj", "{15D1C735-4AEB-44BE-8B05-5797B57E9FA7}"
EndProject
Project("{9A19103F-16F7-4668-BE54-9A1E7A4F7556}") = "Task_03", "Task_03\Task_03.csproj", "{2FC7E197-9A0C-4CBF-96AD-246911F7C07A}"
EndProject
Project("{9A19103F-16F7-4668-BE54-9A1E7A4F7556}") = "Task_04", "Task_04\Task_04.csproj", "{49B8B920-D2CE-4035-B929-918E5B3E6164}"
EndProject
Project("{9A19103F-16F7-4668-BE54-9A1E7A4F7556}") = "Task_05", "Task_05\Task_05.csproj", "{817CBDEA-F28D-48F7-ADB5-24A97F3220EB}"
EndProject
Project("{9A19103F-16F7-4668-BE54-9A1E7A4F7556}") = "Task_06", "Task_06\Task_06.csproj", "{1DC71061-8270-45D4-AD91-943F52A32538}"
EndProject
Project("{9A19103F-16F7-4668-BE54-9A1E7A4F7556}") = "Task_07", "Task_07\Task_07.csproj", "{293DFC7E-D484-4FDE-8E6C-CF655EC5C92A}"
EndProject
Project("{9A19103F-16F7-4668-BE54-9A1E7A4F7556}") = "Task_08", "Task_08\Task_08.csproj", "{9B45E1CA-CDE0-40B6-81C9-FE8D0D465EB6}"
EndProject
Project("{9A19103F-16F7-4668-BE54-9A1E7A4F7556}") = "Task_09", "Task_09\Task_09.csproj", "{A1543CAE-646A-4489-AA15-1A9DF0F00AEF}"
EndProject
Project("{9A19103F-16F7-4668-BE54-9A1E7A4F7556}") = "Task_10", "Task_10\Task_10.csproj", "{EBB02F20-B4BF-4C37-929A-1E67A4165889}"
EndProject
Project("{FAE04EC0-301F-11D3-BF4B-00C04F79EFBC}") = "Task_11", "Task_11\Task_11.csproj", "{4564F57C-41DF-4737-905A-780EA72E8530}"
EndProject
Project("{FAE04EC0-301F-11D3-BF4B-00C04F79EFBC}") = "Task_12", "Task_12\Task_12.csproj", "{01B2C663-5C36-4285-99C8-6D9B7DA784A4}"
EndProject
Global
	GlobalSection(SolutionConfigurationPlatforms) = preSolution
		Debug|Any CPU = Debug|Any CPU
		Release|Any CPU = Release|Any CPU
	EndGlobalSection
	GlobalSection(ProjectConfigurationPlatforms) = postSolution
		{A0B0DF9E-AD28-4951-9F65-290CBE957BC4}.Debug|Any CPU.ActiveCfg = Debug|Any CPU
		{A0B0DF9E-AD28-4951-9F65-290CBE957BC4}.Debug|Any CPU.Build.0 = Debug|Any CPU
		{A0B0DF9E-AD28-4951-9F65-290CBE957BC4}.Release|Any CPU.ActiveCfg = Release|Any CPU
		{A0B0DF9E-AD28-4951-9F65-290CBE957BC4}.Release|Any CPU.Build.0 = Release|Any CPU
		{69EE4E17-1182-425F-8B23-9C9AF590453A}.Debug|Any CPU.ActiveCfg = Debug|Any CPU
		{69EE4E17-1182-425F-8B23-9C9AF590453A}.Debug|Any CPU.Build.0 = Debug|Any CPU
		{69EE4E17-1182-425F-8B23-9C9AF590453A}.Release|Any CPU.ActiveCfg = Release|Any CPU
		{69EE4E17-1182-425F-8B23-9C9AF590453A}.Release|Any CPU.Build.0 = Release|Any CPU
		{15D1C735-4AEB-44BE-8B05-5797B57E9FA7}.Debug|Any CPU.ActiveCfg = Debug|Any CPU
		{15D1C735-4AEB-44BE-8B05-5797B57E9FA7}.Debug|Any CPU.Build.0 = Debug|Any CPU
		{15D1C735-4AEB-44BE-8B05-5797B57E9FA7}.Release|Any CPU.ActiveCfg = Release|Any CPU
		{15D1C735-4AEB-44BE-8B05-5797B57E9FA7}.Release|Any CPU.Build.0 = Release|Any CPU
		{2FC7E197-9A0C-4CBF-96AD-246911F7C07A}.Debug|Any CPU.ActiveCfg = Debug|Any CPU
		{2FC7E197-9A0C-4CBF-96AD-246911F7C07A}.Debug|Any CPU.Build.0 = Debug|Any CPU
		{2FC7E197-9A0C-4CBF-96AD-246911F7C07A}.Release|Any CPU.ActiveCfg = Release|Any CPU
		{2FC7E197-9A0C-4CBF-96AD-246911F7C07A}.Release|Any CPU.Build.0 = Release|Any CPU
		{49B8B920-D2CE-4035-B929-918E5B3E6164}.Debug|Any CPU.ActiveCfg = Debug|Any CPU
		{49B8B920-D2CE-4035-B929-918E5B3E6164}.Debug|Any CPU.Build.0 = Debug|Any CPU
		{49B8B920-D2CE-4035-B929-918E5B3E6164}.Release|Any CPU.ActiveCfg = Release|Any CPU
		{49B8B920-D2CE-4035-B929-918E5B3E6164}.Release|Any CPU.Build.0 = Release|Any CPU
		{817CBDEA-F28D-48F7-ADB5-24A97F3220EB}.Debug|Any CPU.ActiveCfg = Debug|Any CPU
		{817CBDEA-F28D-48F7-ADB5-24A97F3220EB}.Debug|Any CPU.Build.0 = Debug|Any CPU
		{817CBDEA-F28D-48F7-ADB5-24A97F3220EB}.Release|Any CPU.ActiveCfg = Release|Any CPU
		{817CBDEA-F28D-48F7-ADB5-24A97F3220EB}.Release|Any CPU.Build.0 = Release|Any CPU
		{1DC71061-8270-45D4-AD91-943F52A32538}.Debug|Any CPU.ActiveCfg = Debug|Any CPU
		{1DC71061-8270-45D4-AD91-943F52A32538}.Debug|Any CPU.Build.0 = Debug|Any CPU
		{1DC71061-8270-45D4-AD91-943F52A32538}.Release|Any CPU.ActiveCfg = Release|Any CPU
		{1DC71061-8270-45D4-AD91-943F52A32538}.Release|Any CPU.Build.0 = Release|Any CPU
		{293DFC7E-D484-4FDE-8E6C-CF655EC5C92A}.Debug|Any CPU.ActiveCfg = Debug|Any CPU
		{293DFC7E-D484-4FDE-8E6C-CF655EC5C92A}.Debug|Any CPU.Build.0 = Debug|Any CPU
		{293DFC7E-D484-4FDE-8E6C-CF655EC5C92A}.Release|Any CPU.ActiveCfg = Release|Any CPU
		{293DFC7E-D484-4FDE-8E6C-CF655EC5C92A}.Release|Any CPU.Build.0 = Release|Any CPU
		{9B45E1CA-CDE0-40B6-81C9-FE8D0D465EB6}.Debug|Any CPU.ActiveCfg = Debug|Any CPU
		{9B45E1CA-CDE0-40B6-81C9-FE8D0D465EB6}.Debug|Any CPU.Build.0 = Debug|Any CPU
		{9B45E1CA-CDE0-40B6-81C9-FE8D0D465EB6}.Release|Any CPU.ActiveCfg = Release|Any CPU
		{9B45E1CA-CDE0-40B6-81C9-FE8D0D465EB6}.Release|Any CPU.Build.0 = Release|Any CPU
		{A1543CAE-646A-4489-AA15-1A9DF0F00AEF}.Debug|Any CPU.ActiveCfg = Debug|Any CPU
		{A1543CAE-646A-4489-AA15-1A9DF0F00AEF}.Debug|Any CPU.Build.0 = Debug|Any CPU
		{A1543CAE-646A-4489-AA15-1A9DF0F00AEF}.Release|Any CPU.ActiveCfg = Release|Any CPU
		{A1543CAE-646A-4489-AA15-1A9DF0F00AEF}.Release|Any CPU.Build.0 = Release|Any CPU
		{EBB02F20-B4BF-4C37-929A-1E67A4165889}.Debug|Any CPU.ActiveCfg = Debug|Any CPU
		{EBB02F20-B4BF-4C37-929A-1E67A4165889}.Debug|Any CPU.Build.0 = Debug|Any CPU
		{EBB02F20-B4BF-4C37-929A-1E67A4165889}.Release|Any CPU.ActiveCfg = Release|Any CPU
		{EBB02F20-B4BF-4C37-929A-1E67A4165889}.Release|Any CPU.Build.0 = Release|Any CPU
		{4564F57C-41DF-4737-905A-780EA72E8530}.Debug|Any CPU.ActiveCfg = Debug|Any CPU
		{4564F57C-41DF-4737-905A-780EA72E8530}.Debug|Any CPU.Build.0 = Debug|Any CPU
		{4564F57C-41DF-4737-905A-780EA72E8530}.Release|Any CPU.ActiveCfg = Release|Any CPU
		{4564F57C-41DF-4737-905A-780EA72E8530}.Release|Any CPU.Build.0 = Release|Any CPU
		{01B2C663-5C36-4285-99C8-6D9B7DA784A4}.Debug|Any CPU.ActiveCfg = Debug|Any CPU
		{01B2C663-5C36-4285-99C8-6D9B7DA784A4}.Debug|Any CPU.Build.0 = Debug|Any CPU
		{01B2C663-5C36-4285-99C8-6D9B7DA784A4}.Release|Any CPU.ActiveCfg = Release|Any CPU
		{01B2C663-5C36-4285-99C8-6D9B7DA784A4}.Release|Any CPU.Build.0 = Release|Any CPU
	EndGlobalSection
	GlobalSection(SolutionProperties) = preSolution
		HideSolutionNode = FALSE
	EndGlobalSection
	GlobalSection(ExtensibilityGlobals) = postSolution
		SolutionGuid = {0B083DFF-A620-4156-A4E0-C29709D4EDF5}
	EndGlobalSection
EndGlobal
